
Microsoft Visual Studio Solution File, Format Version 12.00
# Visual Studio Version 16
VisualStudioVersion = 16.0.29509.3
MinimumVisualStudioVersion = 10.0.40219.1
Project("{D954291E-2A0B-460D-934E-DC6B0785DB48}") = "PubActiveSubService.SharedProject", "PubActiveSubService.SharedProject\PubActiveSubService.SharedProject.shproj", "{6C8E5622-9215-4175-A9E2-61EC0AB9348F}"
EndProject
Project("{FAE04EC0-301F-11D3-BF4B-00C04F79EFBC}") = "PubActiveSubService", "PubActiveSubService\PubActiveSubService.csproj", "{B0DD16B1-6A21-4842-AD13-E2DF5E33B034}"
EndProject
Project("{FAE04EC0-301F-11D3-BF4B-00C04F79EFBC}") = "PubActiveSubService.UnitTests", "PubActiveSubService.UnitTests\PubActiveSubService.UnitTests.csproj", "{649BCABD-5133-4B63-928F-5558B35AD772}"
EndProject
Global
	GlobalSection(SharedMSBuildProjectFiles) = preSolution
		PubActiveSubService.SharedProject\PubActiveSubService.SharedProject.projitems*{6c8e5622-9215-4175-a9e2-61ec0ab9348f}*SharedItemsImports = 13
	EndGlobalSection
	GlobalSection(SolutionConfigurationPlatforms) = preSolution
		Debug|Any CPU = Debug|Any CPU
		Release|Any CPU = Release|Any CPU
	EndGlobalSection
	GlobalSection(ProjectConfigurationPlatforms) = postSolution
		{B0DD16B1-6A21-4842-AD13-E2DF5E33B034}.Debug|Any CPU.ActiveCfg = Debug|Any CPU
		{B0DD16B1-6A21-4842-AD13-E2DF5E33B034}.Debug|Any CPU.Build.0 = Debug|Any CPU
		{B0DD16B1-6A21-4842-AD13-E2DF5E33B034}.Release|Any CPU.ActiveCfg = Release|Any CPU
		{B0DD16B1-6A21-4842-AD13-E2DF5E33B034}.Release|Any CPU.Build.0 = Release|Any CPU
		{649BCABD-5133-4B63-928F-5558B35AD772}.Debug|Any CPU.ActiveCfg = Debug|Any CPU
		{649BCABD-5133-4B63-928F-5558B35AD772}.Debug|Any CPU.Build.0 = Debug|Any CPU
		{649BCABD-5133-4B63-928F-5558B35AD772}.Release|Any CPU.ActiveCfg = Release|Any CPU
		{649BCABD-5133-4B63-928F-5558B35AD772}.Release|Any CPU.Build.0 = Release|Any CPU
	EndGlobalSection
	GlobalSection(SolutionProperties) = preSolution
		HideSolutionNode = FALSE
	EndGlobalSection
	GlobalSection(ExtensibilityGlobals) = postSolution
		SolutionGuid = {CFCF9ABD-A311-4DB0-A78A-1E4F6BD19EB9}
	EndGlobalSection
EndGlobal
